
Microsoft Visual Studio Solution File, Format Version 12.00
# Visual Studio Version 16
VisualStudioVersion = 16.0.29613.14
MinimumVisualStudioVersion = 10.0.40219.1
Project("{FAE04EC0-301F-11D3-BF4B-00C04F79EFBC}") = "QuickSnip", "QuickSnip\QuickSnip.csproj", "{81B6B508-B894-46C7-BC1B-F835164839CC}"
EndProject
Global
	GlobalSection(SolutionConfigurationPlatforms) = preSolution
		Debug|Any CPU = Debug|Any CPU
		Release|Any CPU = Release|Any CPU
	EndGlobalSection
	GlobalSection(ProjectConfigurationPlatforms) = postSolution
		{81B6B508-B894-46C7-BC1B-F835164839CC}.Debug|Any CPU.ActiveCfg = Debug|Any CPU
		{81B6B508-B894-46C7-BC1B-F835164839CC}.Debug|Any CPU.Build.0 = Debug|Any CPU
		{81B6B508-B894-46C7-BC1B-F835164839CC}.Release|Any CPU.ActiveCfg = Release|Any CPU
		{81B6B508-B894-46C7-BC1B-F835164839CC}.Release|Any CPU.Build.0 = Release|Any CPU
	EndGlobalSection
	GlobalSection(SolutionProperties) = preSolution
		HideSolutionNode = FALSE
	EndGlobalSection
	GlobalSection(ExtensibilityGlobals) = postSolution
		SolutionGuid = {10C018AB-D2A7-4CB0-9C8E-AFF3BF93B5F1}
	EndGlobalSection
EndGlobal
